// !$*UTF8*$!
{
	archiveVersion = 1;
	classes = {
	};
	objectVersion = 56;
	objects = {

/* Begin PBXBuildFile section */
		027F471D2F244B67003E6708 /* ActivityManager.swift in Sources */ = {isa = PBXBuildFile; fileRef = 027F471C2F244B67003E6708 /* ActivityManager.swift */; };
		027F471F2F244B68003E6708 /* BodyBatteryView.swift in Sources */ = {isa = PBXBuildFile; fileRef = 027F471E2F244B68003E6708 /* BodyBatteryView.swift */; };
		2C16E3332F39881500FBD25C /* StressDetectionPipeline.swift in Sources */ = {isa = PBXBuildFile; fileRef = 2C16E3322F39881500FBD25C /* StressDetectionPipeline.swift */; };
		2CC7FE612F39684F008AA794 /* ActivityClassifier_preprocessing.json in Resources */ = {isa = PBXBuildFile; fileRef = 2CC7FE602F39684F008AA794 /* ActivityClassifier_preprocessing.json */; };
		2CC7FE632F39687B008AA794 /* ActivityClassifier.mlmodel in Sources */ = {isa = PBXBuildFile; fileRef = 2CC7FE622F39687B008AA794 /* ActivityClassifier.mlmodel */; };
		A1000001226B8D7A00F12345 /* DigitalTwinApp.swift in Sources */ = {isa = PBXBuildFile; fileRef = A1000000226B8D7A00F12345 /* DigitalTwinApp.swift */; };
		A1000003226B8D7A00F12345 /* ContentView.swift in Sources */ = {isa = PBXBuildFile; fileRef = A1000002226B8D7A00F12345 /* ContentView.swift */; };
		A1000005226B8D7B00F12345 /* Assets.xcassets in Resources */ = {isa = PBXBuildFile; fileRef = A1000004226B8D7B00F12345 /* Assets.xcassets */; };
		A1000007226B8D7B00F12345 /* HealthKitManager.swift in Sources */ = {isa = PBXBuildFile; fileRef = A1000006226B8D7B00F12345 /* HealthKitManager.swift */; };
		A1000009226B8D7B00F12345 /* HealthKit.framework in Frameworks */ = {isa = PBXBuildFile; fileRef = A1000008226B8D7B00F12345 /* HealthKit.framework */; };
		A1000011226B8D7B00F12345 /* Frameworks in Sources */ = {isa = PBXBuildFile; fileRef = A1000010226B8D7B00F12345 /* Frameworks */; };
		A1000013226B8D7B00F12345 /* AddActivityView.swift in Sources */ = {isa = PBXBuildFile; fileRef = A1000012226B8D7B00F12345 /* AddActivityView.swift */; };
/* End PBXBuildFile section */

/* Begin PBXFileReference section */
		027F471C2F244B67003E6708 /* ActivityManager.swift */ = {isa = PBXFileReference; lastKnownFileType = sourcecode.swift; path = ActivityManager.swift; sourceTree = "<group>"; };
		027F471E2F244B68003E6708 /* BodyBatteryView.swift */ = {isa = PBXFileReference; lastKnownFileType = sourcecode.swift; path = BodyBatteryView.swift; sourceTree = "<group>"; };
		2C16E3322F39881500FBD25C /* StressDetectionPipeline.swift */ = {isa = PBXFileReference; lastKnownFileType = sourcecode.swift; path = StressDetectionPipeline.swift; sourceTree = "<group>"; };
		2CC7FE602F39684F008AA794 /* ActivityClassifier_preprocessing.json */ = {isa = PBXFileReference; lastKnownFileType = text.json; path = ActivityClassifier_preprocessing.json; sourceTree = "<group>"; };
		2CC7FE622F39687B008AA794 /* ActivityClassifier.mlmodel */ = {isa = PBXFileReference; lastKnownFileType = file.mlmodel; path = ActivityClassifier.mlmodel; sourceTree = "<group>"; };
		A0FFFFF0226B8D7A00F12345 /* DigitalTwin.app */ = {isa = PBXFileReference; explicitFileType = wrapper.application; includeInIndex = 0; path = DigitalTwin.app; sourceTree = BUILT_PRODUCTS_DIR; };
		A1000000226B8D7A00F12345 /* DigitalTwinApp.swift */ = {isa = PBXFileReference; lastKnownFileType = sourcecode.swift; path = DigitalTwinApp.swift; sourceTree = "<group>"; };
		A1000002226B8D7A00F12345 /* ContentView.swift */ = {isa = PBXFileReference; lastKnownFileType = sourcecode.swift; path = ContentView.swift; sourceTree = "<group>"; };
		A1000004226B8D7B00F12345 /* Assets.xcassets */ = {isa = PBXFileReference; lastKnownFileType = folder.assetcatalog; path = Assets.xcassets; sourceTree = "<group>"; };
		A1000006226B8D7B00F12345 /* HealthKitManager.swift */ = {isa = PBXFileReference; lastKnownFileType = sourcecode.swift; path = HealthKitManager.swift; sourceTree = "<group>"; };
		A1000008226B8D7B00F12345 /* HealthKit.framework */ = {isa = PBXFileReference; lastKnownFileType = wrapper.framework; name = HealthKit.framework; path = System/Library/Frameworks/HealthKit.framework; sourceTree = SDKROOT; };
		A100000A226B8D7B00F12345 /* Info.plist */ = {isa = PBXFileReference; lastKnownFileType = text.plist.xml; path = Info.plist; sourceTree = "<group>"; };
		A100000B226B8D7B00F12345 /* DigitalTwin.entitlements */ = {isa = PBXFileReference; lastKnownFileType = text.plist.entitlements; path = DigitalTwin.entitlements; sourceTree = "<group>"; };
		A1000012226B8D7B00F12345 /* AddActivityView.swift */ = {isa = PBXFileReference; lastKnownFileType = sourcecode.swift; path = AddActivityView.swift; sourceTree = "<group>"; };
/* End PBXFileReference section */

/* Begin PBXFrameworksBuildPhase section */
		A0FFFFED226B8D7A00F12345 /* Frameworks */ = {
			isa = PBXFrameworksBuildPhase;
			buildActionMask = 2147483647;
			files = (
				A1000009226B8D7B00F12345 /* HealthKit.framework in Frameworks */,
			);
			runOnlyForDeploymentPostprocessing = 0;
		};
/* End PBXFrameworksBuildPhase section */

/* Begin PBXGroup section */
		A0FFFFE7226B8D7A00F12345 = {
			isa = PBXGroup;
			children = (
				A0FFFFF2226B8D7A00F12345 /* DigitalTwin */,
				A0FFFFF1226B8D7A00F12345 /* Products */,
				A1000010226B8D7B00F12345 /* Frameworks */,
			);
			sourceTree = "<group>";
		};
		A0FFFFF1226B8D7A00F12345 /* Products */ = {
			isa = PBXGroup;
			children = (
				A0FFFFF0226B8D7A00F12345 /* DigitalTwin.app */,
			);
			name = Products;
			sourceTree = "<group>";
		};
		A0FFFFF2226B8D7A00F12345 /* DigitalTwin */ = {
			isa = PBXGroup;
			children = (
				2CC7FE622F39687B008AA794 /* ActivityClassifier.mlmodel */,
				A1000000226B8D7A00F12345 /* DigitalTwinApp.swift */,
				A1000002226B8D7A00F12345 /* ContentView.swift */,
				027F471C2F244B67003E6708 /* ActivityManager.swift */,
				027F471E2F244B68003E6708 /* BodyBatteryView.swift */,
				A1000006226B8D7B00F12345 /* HealthKitManager.swift */,
				A1000012226B8D7B00F12345 /* AddActivityView.swift */,
				A1000004226B8D7B00F12345 /* Assets.xcassets */,
				A100000A226B8D7B00F12345 /* Info.plist */,
				A100000B226B8D7B00F12345 /* DigitalTwin.entitlements */,
				2CC7FE602F39684F008AA794 /* ActivityClassifier_preprocessing.json */,
				2C16E3322F39881500FBD25C /* StressDetectionPipeline.swift */,
			);
			path = DigitalTwin;
			sourceTree = "<group>";
		};
		A1000010226B8D7B00F12345 /* Frameworks */ = {
			isa = PBXGroup;
			children = (
				A1000008226B8D7B00F12345 /* HealthKit.framework */,
			);
			name = Frameworks;
			sourceTree = "<group>";
		};
/* End PBXGroup section */

/* Begin PBXNativeTarget section */
		A0FFFFEF226B8D7A00F12345 /* DigitalTwin */ = {
			isa = PBXNativeTarget;
			buildConfigurationList = A1000020226B8D7B00F12345 /* Build configuration list for PBXNativeTarget "DigitalTwin" */;
			buildPhases = (
				A0FFFFEC226B8D7A00F12345 /* Sources */,
				A0FFFFED226B8D7A00F12345 /* Frameworks */,
				A0FFFFEE226B8D7A00F12345 /* Resources */,
			);
			buildRules = (
			);
			dependencies = (
			);
			name = DigitalTwin;
			productName = DigitalTwin;
			productReference = A0FFFFF0226B8D7A00F12345 /* DigitalTwin.app */;
			productType = "com.apple.product-type.application";
		};
/* End PBXNativeTarget section */

/* Begin PBXProject section */
		A0FFFFE8226B8D7A00F12345 /* Project object */ = {
			isa = PBXProject;
			attributes = {
				BuildIndependentTargetsInParallel = 1;
				LastSwiftUpdateCheck = 1500;
				LastUpgradeCheck = 1500;
				TargetAttributes = {
					A0FFFFEF226B8D7A00F12345 = {
						CreatedOnToolsVersion = 15.0;
					};
				};
			};
			buildConfigurationList = A0FFFFEB226B8D7A00F12345 /* Build configuration list for PBXProject "DigitalTwin" */;
			compatibilityVersion = "Xcode 14.0";
			developmentRegion = en;
			hasScannedForEncodings = 0;
			knownRegions = (
				en,
				Base,
			);
			mainGroup = A0FFFFE7226B8D7A00F12345;
			productRefGroup = A0FFFFF1226B8D7A00F12345 /* Products */;
			projectDirPath = "";
			projectRoot = "";
			targets = (
				A0FFFFEF226B8D7A00F12345 /* DigitalTwin */,
			);
		};
/* End PBXProject section */

/* Begin PBXResourcesBuildPhase section */
		A0FFFFEE226B8D7A00F12345 /* Resources */ = {
			isa = PBXResourcesBuildPhase;
			buildActionMask = 2147483647;
			files = (
				2CC7FE612F39684F008AA794 /* ActivityClassifier_preprocessing.json in Resources */,
				A1000005226B8D7B00F12345 /* Assets.xcassets in Resources */,
			);
			runOnlyForDeploymentPostprocessing = 0;
		};
/* End PBXResourcesBuildPhase section */

/* Begin PBXSourcesBuildPhase section */
		A0FFFFEC226B8D7A00F12345 /* Sources */ = {
			isa = PBXSourcesBuildPhase;
			buildActionMask = 2147483647;
			files = (
				A1000003226B8D7A00F12345 /* ContentView.swift in Sources */,
				A1000001226B8D7A00F12345 /* DigitalTwinApp.swift in Sources */,
				2C16E3332F39881500FBD25C /* StressDetectionPipeline.swift in Sources */,
				027F471D2F244B67003E6708 /* ActivityManager.swift in Sources */,
				027F471F2F244B68003E6708 /* BodyBatteryView.swift in Sources */,
				2CC7FE632F39687B008AA794 /* ActivityClassifier.mlmodel in Sources */,
				A1000007226B8D7B00F12345 /* HealthKitManager.swift in Sources */,
				A1000011226B8D7B00F12345 /* Frameworks in Sources */,
				A1000013226B8D7B00F12345 /* AddActivityView.swift in Sources */,
			);
			runOnlyForDeploymentPostprocessing = 0;
		};
/* End PBXSourcesBuildPhase section */

/* Begin XCBuildConfiguration section */
		A100001E226B8D7B00F12345 /* Debug */ = {
			isa = XCBuildConfiguration;
			buildSettings = {
				ALWAYS_SEARCH_USER_PATHS = NO;
				ASSETCATALOG_COMPILER_GENERATE_SWIFT_ASSET_SYMBOL_EXTENSIONS = YES;
				CLANG_ANALYZER_NONNULL = YES;
				CLANG_ANALYZER_NUMBER_OBJECT_CONVERSION = YES_AGGRESSIVE;
				CLANG_CXX_LANGUAGE_STANDARD = "gnu++20";
				CLANG_ENABLE_MODULES = YES;
				CLANG_ENABLE_OBJC_ARC = YES;
				CLANG_ENABLE_OBJC_WEAK = YES;
				CLANG_WARN_BLOCK_CAPTURE_AUTORELEASING = YES;
				CLANG_WARN_BOOL_CONVERSION = YES;
				CLANG_WARN_COMMA = YES;
				CLANG_WARN_CONSTANT_CONVERSION = YES;
				CLANG_WARN_DEPRECATED_OBJC_IMPLEMENTATIONS = YES;
				CLANG_WARN_DIRECT_OBJC_ISA_USAGE = YES_ERROR;
				CLANG_WARN_DOCUMENTATION_COMMENTS = YES;
				CLANG_WARN_EMPTY_BODY = YES;
				CLANG_WARN_ENUM_CONVERSION = YES;
				CLANG_WARN_INFINITE_RECURSION = YES;
				CLANG_WARN_INT_CONVERSION = YES;
				CLANG_WARN_NON_LITERAL_NULL_CONVERSION = YES;
				CLANG_WARN_OBJC_IMPLICIT_RETAIN_SELF = YES;
				CLANG_WARN_OBJC_LITERAL_CONVERSION = YES;
				CLANG_WARN_OBJC_ROOT_CLASS = YES_ERROR;
				CLANG_WARN_QUOTED_INCLUDE_IN_FRAMEWORK_HEADER = YES;
				CLANG_WARN_RANGE_LOOP_ANALYSIS = YES;
				CLANG_WARN_STRICT_PROTOTYPES = YES;
				CLANG_WARN_SUSPICIOUS_MOVE = YES;
				CLANG_WARN_UNGUARDED_AVAILABILITY = YES_AGGRESSIVE;
				CLANG_WARN_UNREACHABLE_CODE = YES;
				CLANG_WARN__DUPLICATE_METHOD_MATCH = YES;
				COPY_PHASE_STRIP = NO;
				DEBUG_INFORMATION_FORMAT = dwarf;
				ENABLE_STRICT_OBJC_MSGSEND = YES;
				ENABLE_TESTABILITY = YES;
				ENABLE_USER_SCRIPT_SANDBOXING = YES;
				GCC_C_LANGUAGE_STANDARD = gnu17;
				GCC_DYNAMIC_NO_PIC = NO;
				GCC_NO_COMMON_BLOCKS = YES;
				GCC_OPTIMIZATION_LEVEL = 0;
				GCC_PREPROCESSOR_DEFINITIONS = (
					"DEBUG=1",
					"$(inherited)",
				);
				GCC_WARN_64_TO_32_BIT_CONVERSION = YES;
				GCC_WARN_ABOUT_RETURN_TYPE = YES_ERROR;
				GCC_WARN_UNDECLARED_SELECTOR = YES;
				GCC_WARN_UNINITIALIZED_AUTOS = YES_AGGRESSIVE;
				GCC_WARN_UNUSED_FUNCTION = YES;
				GCC_WARN_UNUSED_VARIABLE = YES;
				IPHONEOS_DEPLOYMENT_TARGET = 17.0;
				LOCALIZATION_PREFERS_STRING_CATALOGS = YES;
				MTL_ENABLE_DEBUG_INFO = INCLUDE_SOURCE;
				MTL_FAST_MATH = YES;
				ONLY_ACTIVE_ARCH = YES;
				SDKROOT = iphoneos;
				SWIFT_ACTIVE_COMPILATION_CONDITIONS = "DEBUG $(inherited)";
				SWIFT_OPTIMIZATION_LEVEL = "-Onone";
			};
			name = Debug;
		};
		A100001F226B8D7B00F12345 /* Release */ = {
			isa = XCBuildConfiguration;
			buildSettings = {
				ALWAYS_SEARCH_USER_PATHS = NO;
				ASSETCATALOG_COMPILER_GENERATE_SWIFT_ASSET_SYMBOL_EXTENSIONS = YES;
				CLANG_ANALYZER_NONNULL = YES;
				CLANG_ANALYZER_NUMBER_OBJECT_CONVERSION = YES_AGGRESSIVE;
				CLANG_CXX_LANGUAGE_STANDARD = "gnu++20";
				CLANG_ENABLE_MODULES = YES;
				CLANG_ENABLE_OBJC_ARC = YES;
				CLANG_ENABLE_OBJC_WEAK = YES;
				CLANG_WARN_BLOCK_CAPTURE_AUTORELEASING = YES;
				CLANG_WARN_BOOL_CONVERSION = YES;
				CLANG_WARN_COMMA = YES;
				CLANG_WARN_CONSTANT_CONVERSION = YES;
				CLANG_WARN_DEPRECATED_OBJC_IMPLEMENTATIONS = YES;
				CLANG_WARN_DIRECT_OBJC_ISA_USAGE = YES_ERROR;
				CLANG_WARN_DOCUMENTATION_COMMENTS = YES;
				CLANG_WARN_EMPTY_BODY = YES;
				CLANG_WARN_ENUM_CONVERSION = YES;
				CLANG_WARN_INFINITE_RECURSION = YES;
				CLANG_WARN_INT_CONVERSION = YES;
				CLANG_WARN_NON_LITERAL_NULL_CONVERSION = YES;
				CLANG_WARN_OBJC_IMPLICIT_RETAIN_SELF = YES;
				CLANG_WARN_OBJC_LITERAL_CONVERSION = YES;
				CLANG_WARN_OBJC_ROOT_CLASS = YES_ERROR;
				CLANG_WARN_QUOTED_INCLUDE_IN_FRAMEWORK_HEADER = YES;
				CLANG_WARN_RANGE_LOOP_ANALYSIS = YES;
				CLANG_WARN_STRICT_PROTOTYPES = YES;
				CLANG_WARN_SUSPICIOUS_MOVE = YES;
				CLANG_WARN_UNGUARDED_AVAILABILITY = YES_AGGRESSIVE;
				CLANG_WARN_UNREACHABLE_CODE = YES;
				CLANG_WARN__DUPLICATE_METHOD_MATCH = YES;
				COPY_PHASE_STRIP = NO;
				DEBUG_INFORMATION_FORMAT = "dwarf-with-dsym";
				ENABLE_NS_ASSERTIONS = NO;
				ENABLE_STRICT_OBJC_MSGSEND = YES;
				ENABLE_USER_SCRIPT_SANDBOXING = YES;
				GCC_C_LANGUAGE_STANDARD = gnu17;
				GCC_NO_COMMON_BLOCKS = YES;
				GCC_WARN_64_TO_32_BIT_CONVERSION = YES;
				GCC_WARN_ABOUT_RETURN_TYPE = YES_ERROR;
				GCC_WARN_UNDECLARED_SELECTOR = YES;
				GCC_WARN_UNINITIALIZED_AUTOS = YES_AGGRESSIVE;
				GCC_WARN_UNUSED_FUNCTION = YES;
				GCC_WARN_UNUSED_VARIABLE = YES;
				IPHONEOS_DEPLOYMENT_TARGET = 17.0;
				LOCALIZATION_PREFERS_STRING_CATALOGS = YES;
				MTL_ENABLE_DEBUG_INFO = NO;
				MTL_FAST_MATH = YES;
				SDKROOT = iphoneos;
				SWIFT_COMPILATION_MODE = wholemodule;
				VALIDATE_PRODUCT = YES;
			};
			name = Release;
		};
		A1000021226B8D7B00F12345 /* Debug */ = {
			isa = XCBuildConfiguration;
			buildSettings = {
				ASSETCATALOG_COMPILER_APPICON_NAME = AppIcon;
				ASSETCATALOG_COMPILER_GLOBAL_ACCENT_COLOR_NAME = AccentColor;
				CODE_SIGN_ENTITLEMENTS = DigitalTwin/DigitalTwin.entitlements;
				CODE_SIGN_IDENTITY = "Apple Development";
				CODE_SIGN_STYLE = Automatic;
				CURRENT_PROJECT_VERSION = 1;
				DEVELOPMENT_TEAM = 5CXN5G9Q6F;
				ENABLE_PREVIEWS = YES;
				GENERATE_INFOPLIST_FILE = YES;
				INFOPLIST_FILE = DigitalTwin/Info.plist;
				INFOPLIST_KEY_CFBundleDisplayName = "Digital Twin";
				INFOPLIST_KEY_LSApplicationCategoryType = "public.app-category.healthcare-fitness";
				INFOPLIST_KEY_NSHealthShareUsageDescription = "This app reads your heart rate, heart rate variability, and other health data to track your physiological response during recharge activities like breathing exercises, meditation, and walking.";
				INFOPLIST_KEY_NSHealthUpdateUsageDescription = "This app records mindfulness workout sessions to enable high-frequency heart rate monitoring from your Apple Watch during breathing exercises and meditation.";
				INFOPLIST_KEY_UIApplicationSupportsIndirectInputEvents = YES;
				INFOPLIST_KEY_UILaunchScreen_Generation = YES;
				INFOPLIST_KEY_UILaunchStoryboardName = LaunchScreen;
				INFOPLIST_KEY_UIRequiredDeviceCapabilities = "armv7 healthkit";
				INFOPLIST_KEY_UISupportedInterfaceOrientations = "UIInterfaceOrientationPortrait UIInterfaceOrientationLandscapeLeft UIInterfaceOrientationLandscapeRight";
				INFOPLIST_KEY_UISupportedInterfaceOrientations_iPad = "UIInterfaceOrientationPortrait UIInterfaceOrientationPortraitUpsideDown UIInterfaceOrientationLandscapeLeft UIInterfaceOrientationLandscapeRight";
				INFOPLIST_KEY_UISupportedInterfaceOrientations_iPhone = "UIInterfaceOrientationPortrait UIInterfaceOrientationLandscapeLeft UIInterfaceOrientationLandscapeRight";
				LD_RUNPATH_SEARCH_PATHS = (
					"$(inherited)",
					"@executable_path/Frameworks",
				);
				MARKETING_VERSION = 1.0;
				PRODUCT_BUNDLE_IDENTIFIER = com.camille.digitaltwin;
				PRODUCT_NAME = "$(TARGET_NAME)";
				PROVISIONING_PROFILE_SPECIFIER = "";
				SWIFT_EMIT_LOC_STRINGS = YES;
				SWIFT_VERSION = 5.0;
				TARGETED_DEVICE_FAMILY = "1,2";
			};
			name = Debug;
		};
		A1000022226B8D7B00F12345 /* Release */ = {
			isa = XCBuildConfiguration;
			buildSettings = {
				ASSETCATALOG_COMPILER_APPICON_NAME = AppIcon;
				ASSETCATALOG_COMPILER_GLOBAL_ACCENT_COLOR_NAME = AccentColor;
				CODE_SIGN_ENTITLEMENTS = DigitalTwin/DigitalTwin.entitlements;
				CODE_SIGN_IDENTITY = "Apple Development";
				CODE_SIGN_STYLE = Automatic;
				CURRENT_PROJECT_VERSION = 1;
				DEVELOPMENT_TEAM = 5CXN5G9Q6F;
				ENABLE_PREVIEWS = YES;
				GENERATE_INFOPLIST_FILE = YES;
				INFOPLIST_FILE = DigitalTwin/Info.plist;
				INFOPLIST_KEY_CFBundleDisplayName = "Digital Twin";
				INFOPLIST_KEY_LSApplicationCategoryType = "public.app-category.healthcare-fitness";
				INFOPLIST_KEY_NSHealthShareUsageDescription = "This app reads your heart rate, heart rate variability, and other health data to track your physiological response during recharge activities like breathing exercises, meditation, and walking.";
				INFOPLIST_KEY_NSHealthUpdateUsageDescription = "This app records mindfulness workout sessions to enable high-frequency heart rate monitoring from your Apple Watch during breathing exercises and meditation.";
				INFOPLIST_KEY_UIApplicationSupportsIndirectInputEvents = YES;
				INFOPLIST_KEY_UILaunchScreen_Generation = YES;
				INFOPLIST_KEY_UILaunchStoryboardName = LaunchScreen;
				INFOPLIST_KEY_UIRequiredDeviceCapabilities = "armv7 healthkit";
				INFOPLIST_KEY_UISupportedInterfaceOrientations = "UIInterfaceOrientationPortrait UIInterfaceOrientationLandscapeLeft UIInterfaceOrientationLandscapeRight";
				INFOPLIST_KEY_UISupportedInterfaceOrientations_iPad = "UIInterfaceOrientationPortrait UIInterfaceOrientationPortraitUpsideDown UIInterfaceOrientationLandscapeLeft UIInterfaceOrientationLandscapeRight";
				INFOPLIST_KEY_UISupportedInterfaceOrientations_iPhone = "UIInterfaceOrientationPortrait UIInterfaceOrientationLandscapeLeft UIInterfaceOrientationLandscapeRight";
				LD_RUNPATH_SEARCH_PATHS = (
					"$(inherited)",
					"@executable_path/Frameworks",
				);
				MARKETING_VERSION = 1.0;
				PRODUCT_BUNDLE_IDENTIFIER = com.camille.digitaltwin;
				PRODUCT_NAME = "$(TARGET_NAME)";
				PROVISIONING_PROFILE_SPECIFIER = "";
				SWIFT_EMIT_LOC_STRINGS = YES;
				SWIFT_VERSION = 5.0;
				TARGETED_DEVICE_FAMILY = "1,2";
			};
			name = Release;
		};
/* End XCBuildConfiguration section */

/* Begin XCConfigurationList section */
		A0FFFFEB226B8D7A00F12345 /* Build configuration list for PBXProject "DigitalTwin" */ = {
			isa = XCConfigurationList;
			buildConfigurations = (
				A100001E226B8D7B00F12345 /* Debug */,
				A100001F226B8D7B00F12345 /* Release */,
			);
			defaultConfigurationIsVisible = 0;
			defaultConfigurationName = Release;
		};
		A1000020226B8D7B00F12345 /* Build configuration list for PBXNativeTarget "DigitalTwin" */ = {
			isa = XCConfigurationList;
			buildConfigurations = (
				A1000021226B8D7B00F12345 /* Debug */,
				A1000022226B8D7B00F12345 /* Release */,
			);
			defaultConfigurationIsVisible = 0;
			defaultConfigurationName = Release;
		};
/* End XCConfigurationList section */
	};
	rootObject = A0FFFFE8226B8D7A00F12345 /* Project object */;
}
